
Microsoft Visual Studio Solution File, Format Version 12.00
# Visual Studio Version 16
VisualStudioVersion = 16.0.31727.386
MinimumVisualStudioVersion = 10.0.40219.1
Project("{FAE04EC0-301F-11D3-BF4B-00C04F79EFBC}") = "SewaLap", "SewaLap\SewaLap.csproj", "{678DFF6E-98DD-4C93-9A32-51EAD9D74926}"
EndProject
Global
	GlobalSection(SolutionConfigurationPlatforms) = preSolution
		Debug|Any CPU = Debug|Any CPU
		Release|Any CPU = Release|Any CPU
	EndGlobalSection
	GlobalSection(ProjectConfigurationPlatforms) = postSolution
		{678DFF6E-98DD-4C93-9A32-51EAD9D74926}.Debug|Any CPU.ActiveCfg = Debug|Any CPU
		{678DFF6E-98DD-4C93-9A32-51EAD9D74926}.Debug|Any CPU.Build.0 = Debug|Any CPU
		{678DFF6E-98DD-4C93-9A32-51EAD9D74926}.Release|Any CPU.ActiveCfg = Release|Any CPU
		{678DFF6E-98DD-4C93-9A32-51EAD9D74926}.Release|Any CPU.Build.0 = Release|Any CPU
	EndGlobalSection
	GlobalSection(SolutionProperties) = preSolution
		HideSolutionNode = FALSE
	EndGlobalSection
	GlobalSection(ExtensibilityGlobals) = postSolution
		SolutionGuid = {619A522C-E7B2-45DA-97CC-2748561A31FA}
	EndGlobalSection
EndGlobal
